// !$*UTF8*$!
{
	archiveVersion = 1;
	classes = {
	};
	objectVersion = 46;
	objects = {

/* Begin PBXBuildFile section */
		D658D4711B98D3EC006CE8C4 /* Accounts.framework in Frameworks */ = {isa = PBXBuildFile; fileRef = D658D4701B98D3EC006CE8C4 /* Accounts.framework */; };
		D658D4731B98D3F7006CE8C4 /* Social.framework in Frameworks */ = {isa = PBXBuildFile; fileRef = D658D4721B98D3F7006CE8C4 /* Social.framework */; };
		D681F4461B9793FF00235925 /* main.m in Sources */ = {isa = PBXBuildFile; fileRef = D681F4451B9793FF00235925 /* main.m */; };
		D681F4491B9793FF00235925 /* AppDelegate.m in Sources */ = {isa = PBXBuildFile; fileRef = D681F4481B9793FF00235925 /* AppDelegate.m */; };
		D681F44C1B9793FF00235925 /* Twtviewr.xcdatamodeld in Sources */ = {isa = PBXBuildFile; fileRef = D681F44A1B9793FF00235925 /* Twtviewr.xcdatamodeld */; };
		D681F4521B9793FF00235925 /* Main.storyboard in Resources */ = {isa = PBXBuildFile; fileRef = D681F4501B9793FF00235925 /* Main.storyboard */; };
		D681F4541B9793FF00235925 /* Images.xcassets in Resources */ = {isa = PBXBuildFile; fileRef = D681F4531B9793FF00235925 /* Images.xcassets */; };
		D681F4571B9793FF00235925 /* LaunchScreen.xib in Resources */ = {isa = PBXBuildFile; fileRef = D681F4551B9793FF00235925 /* LaunchScreen.xib */; };
		D681F4631B9793FF00235925 /* TwtviewrTests.m in Sources */ = {isa = PBXBuildFile; fileRef = D681F4621B9793FF00235925 /* TwtviewrTests.m */; };
		D681F4711B97A11B00235925 /* LoginViewController.m in Sources */ = {isa = PBXBuildFile; fileRef = D681F4701B97A11B00235925 /* LoginViewController.m */; };
		D681F4741B97A31800235925 /* MainViewController.m in Sources */ = {isa = PBXBuildFile; fileRef = D681F4731B97A31800235925 /* MainViewController.m */; };
		D681F4771B97A4E100235925 /* DetailsViewController.m in Sources */ = {isa = PBXBuildFile; fileRef = D681F4761B97A4E100235925 /* DetailsViewController.m */; };
		D681F47A1B97A50600235925 /* NewTweetViewController.m in Sources */ = {isa = PBXBuildFile; fileRef = D681F4791B97A50600235925 /* NewTweetViewController.m */; };
		D681F47D1B97ACB300235925 /* ApiManager.m in Sources */ = {isa = PBXBuildFile; fileRef = D681F47C1B97ACB300235925 /* ApiManager.m */; };
/* End PBXBuildFile section */

/* Begin PBXContainerItemProxy section */
		D681F45D1B9793FF00235925 /* PBXContainerItemProxy */ = {
			isa = PBXContainerItemProxy;
			containerPortal = D681F4381B9793FF00235925 /* Project object */;
			proxyType = 1;
			remoteGlobalIDString = D681F43F1B9793FF00235925;
			remoteInfo = Twtviewr;
		};
/* End PBXContainerItemProxy section */

/* Begin PBXFileReference section */
		D658D4701B98D3EC006CE8C4 /* Accounts.framework */ = {isa = PBXFileReference; lastKnownFileType = wrapper.framework; name = Accounts.framework; path = System/Library/Frameworks/Accounts.framework; sourceTree = SDKROOT; };
		D658D4721B98D3F7006CE8C4 /* Social.framework */ = {isa = PBXFileReference; lastKnownFileType = wrapper.framework; name = Social.framework; path = System/Library/Frameworks/Social.framework; sourceTree = SDKROOT; };
		D681F4401B9793FF00235925 /* Twtviewr.app */ = {isa = PBXFileReference; explicitFileType = wrapper.application; includeInIndex = 0; path = Twtviewr.app; sourceTree = BUILT_PRODUCTS_DIR; };
		D681F4441B9793FF00235925 /* Info.plist */ = {isa = PBXFileReference; lastKnownFileType = text.plist.xml; path = Info.plist; sourceTree = "<group>"; };
		D681F4451B9793FF00235925 /* main.m */ = {isa = PBXFileReference; lastKnownFileType = sourcecode.c.objc; path = main.m; sourceTree = "<group>"; };
		D681F4471B9793FF00235925 /* AppDelegate.h */ = {isa = PBXFileReference; lastKnownFileType = sourcecode.c.h; path = AppDelegate.h; sourceTree = "<group>"; };
		D681F4481B9793FF00235925 /* AppDelegate.m */ = {isa = PBXFileReference; lastKnownFileType = sourcecode.c.objc; path = AppDelegate.m; sourceTree = "<group>"; };
		D681F44B1B9793FF00235925 /* Twtviewr.xcdatamodel */ = {isa = PBXFileReference; lastKnownFileType = wrapper.xcdatamodel; path = Twtviewr.xcdatamodel; sourceTree = "<group>"; };
		D681F4511B9793FF00235925 /* Base */ = {isa = PBXFileReference; lastKnownFileType = file.storyboard; name = Base; path = Base.lproj/Main.storyboard; sourceTree = "<group>"; };
		D681F4531B9793FF00235925 /* Images.xcassets */ = {isa = PBXFileReference; lastKnownFileType = folder.assetcatalog; path = Images.xcassets; sourceTree = "<group>"; };
		D681F4561B9793FF00235925 /* Base */ = {isa = PBXFileReference; lastKnownFileType = file.xib; name = Base; path = Base.lproj/LaunchScreen.xib; sourceTree = "<group>"; };
		D681F45C1B9793FF00235925 /* TwtviewrTests.xctest */ = {isa = PBXFileReference; explicitFileType = wrapper.cfbundle; includeInIndex = 0; path = TwtviewrTests.xctest; sourceTree = BUILT_PRODUCTS_DIR; };
		D681F4611B9793FF00235925 /* Info.plist */ = {isa = PBXFileReference; lastKnownFileType = text.plist.xml; path = Info.plist; sourceTree = "<group>"; };
		D681F4621B9793FF00235925 /* TwtviewrTests.m */ = {isa = PBXFileReference; lastKnownFileType = sourcecode.c.objc; path = TwtviewrTests.m; sourceTree = "<group>"; };
		D681F46F1B97A11B00235925 /* LoginViewController.h */ = {isa = PBXFileReference; fileEncoding = 4; lastKnownFileType = sourcecode.c.h; path = LoginViewController.h; sourceTree = "<group>"; };
		D681F4701B97A11B00235925 /* LoginViewController.m */ = {isa = PBXFileReference; fileEncoding = 4; lastKnownFileType = sourcecode.c.objc; path = LoginViewController.m; sourceTree = "<group>"; };
		D681F4721B97A31800235925 /* MainViewController.h */ = {isa = PBXFileReference; fileEncoding = 4; lastKnownFileType = sourcecode.c.h; path = MainViewController.h; sourceTree = "<group>"; };
		D681F4731B97A31800235925 /* MainViewController.m */ = {isa = PBXFileReference; fileEncoding = 4; lastKnownFileType = sourcecode.c.objc; path = MainViewController.m; sourceTree = "<group>"; };
		D681F4751B97A4E100235925 /* DetailsViewController.h */ = {isa = PBXFileReference; fileEncoding = 4; lastKnownFileType = sourcecode.c.h; path = DetailsViewController.h; sourceTree = "<group>"; };
		D681F4761B97A4E100235925 /* DetailsViewController.m */ = {isa = PBXFileReference; fileEncoding = 4; lastKnownFileType = sourcecode.c.objc; path = DetailsViewController.m; sourceTree = "<group>"; };
		D681F4781B97A50600235925 /* NewTweetViewController.h */ = {isa = PBXFileReference; fileEncoding = 4; lastKnownFileType = sourcecode.c.h; path = NewTweetViewController.h; sourceTree = "<group>"; };
		D681F4791B97A50600235925 /* NewTweetViewController.m */ = {isa = PBXFileReference; fileEncoding = 4; lastKnownFileType = sourcecode.c.objc; path = NewTweetViewController.m; sourceTree = "<group>"; };
		D681F47B1B97ACB300235925 /* ApiManager.h */ = {isa = PBXFileReference; fileEncoding = 4; lastKnownFileType = sourcecode.c.h; path = ApiManager.h; sourceTree = "<group>"; };
		D681F47C1B97ACB300235925 /* ApiManager.m */ = {isa = PBXFileReference; fileEncoding = 4; lastKnownFileType = sourcecode.c.objc; path = ApiManager.m; sourceTree = "<group>"; };
/* End PBXFileReference section */

/* Begin PBXFrameworksBuildPhase section */
		D681F43D1B9793FF00235925 /* Frameworks */ = {
			isa = PBXFrameworksBuildPhase;
			buildActionMask = 2147483647;
			files = (
				D658D4731B98D3F7006CE8C4 /* Social.framework in Frameworks */,
				D658D4711B98D3EC006CE8C4 /* Accounts.framework in Frameworks */,
			);
			runOnlyForDeploymentPostprocessing = 0;
		};
		D681F4591B9793FF00235925 /* Frameworks */ = {
			isa = PBXFrameworksBuildPhase;
			buildActionMask = 2147483647;
			files = (
			);
			runOnlyForDeploymentPostprocessing = 0;
		};
/* End PBXFrameworksBuildPhase section */

/* Begin PBXGroup section */
		D658D4741B98D3FE006CE8C4 /* Frameworks */ = {
			isa = PBXGroup;
			children = (
				D658D4721B98D3F7006CE8C4 /* Social.framework */,
				D658D4701B98D3EC006CE8C4 /* Accounts.framework */,
			);
			name = Frameworks;
			sourceTree = "<group>";
		};
		D681F4371B9793FF00235925 = {
			isa = PBXGroup;
			children = (
				D681F4421B9793FF00235925 /* Twtviewr */,
				D658D4741B98D3FE006CE8C4 /* Frameworks */,
				D681F45F1B9793FF00235925 /* TwtviewrTests */,
				D681F4411B9793FF00235925 /* Products */,
			);
			sourceTree = "<group>";
		};
		D681F4411B9793FF00235925 /* Products */ = {
			isa = PBXGroup;
			children = (
				D681F4401B9793FF00235925 /* Twtviewr.app */,
				D681F45C1B9793FF00235925 /* TwtviewrTests.xctest */,
			);
			name = Products;
			sourceTree = "<group>";
		};
		D681F4421B9793FF00235925 /* Twtviewr */ = {
			isa = PBXGroup;
			children = (
				D681F4471B9793FF00235925 /* AppDelegate.h */,
				D681F4481B9793FF00235925 /* AppDelegate.m */,
				D681F46F1B97A11B00235925 /* LoginViewController.h */,
				D681F4701B97A11B00235925 /* LoginViewController.m */,
				D681F4721B97A31800235925 /* MainViewController.h */,
				D681F4731B97A31800235925 /* MainViewController.m */,
				D681F4751B97A4E100235925 /* DetailsViewController.h */,
				D681F4761B97A4E100235925 /* DetailsViewController.m */,
				D681F4781B97A50600235925 /* NewTweetViewController.h */,
				D681F4791B97A50600235925 /* NewTweetViewController.m */,
				D681F4501B9793FF00235925 /* Main.storyboard */,
				D681F47B1B97ACB300235925 /* ApiManager.h */,
				D681F47C1B97ACB300235925 /* ApiManager.m */,
				D681F4531B9793FF00235925 /* Images.xcassets */,
				D681F4551B9793FF00235925 /* LaunchScreen.xib */,
				D681F44A1B9793FF00235925 /* Twtviewr.xcdatamodeld */,
				D681F4431B9793FF00235925 /* Supporting Files */,
			);
			path = Twtviewr;
			sourceTree = "<group>";
		};
		D681F4431B9793FF00235925 /* Supporting Files */ = {
			isa = PBXGroup;
			children = (
				D681F4441B9793FF00235925 /* Info.plist */,
				D681F4451B9793FF00235925 /* main.m */,
			);
			name = "Supporting Files";
			sourceTree = "<group>";
		};
		D681F45F1B9793FF00235925 /* TwtviewrTests */ = {
			isa = PBXGroup;
			children = (
				D681F4621B9793FF00235925 /* TwtviewrTests.m */,
				D681F4601B9793FF00235925 /* Supporting Files */,
			);
			path = TwtviewrTests;
			sourceTree = "<group>";
		};
		D681F4601B9793FF00235925 /* Supporting Files */ = {
			isa = PBXGroup;
			children = (
				D681F4611B9793FF00235925 /* Info.plist */,
			);
			name = "Supporting Files";
			sourceTree = "<group>";
		};
/* End PBXGroup section */

/* Begin PBXNativeTarget section */
		D681F43F1B9793FF00235925 /* Twtviewr */ = {
			isa = PBXNativeTarget;
			buildConfigurationList = D681F4661B9793FF00235925 /* Build configuration list for PBXNativeTarget "Twtviewr" */;
			buildPhases = (
				D681F43C1B9793FF00235925 /* Sources */,
				D681F43D1B9793FF00235925 /* Frameworks */,
				D681F43E1B9793FF00235925 /* Resources */,
			);
			buildRules = (
			);
			dependencies = (
			);
			name = Twtviewr;
			productName = Twtviewr;
			productReference = D681F4401B9793FF00235925 /* Twtviewr.app */;
			productType = "com.apple.product-type.application";
		};
		D681F45B1B9793FF00235925 /* TwtviewrTests */ = {
			isa = PBXNativeTarget;
			buildConfigurationList = D681F4691B9793FF00235925 /* Build configuration list for PBXNativeTarget "TwtviewrTests" */;
			buildPhases = (
				D681F4581B9793FF00235925 /* Sources */,
				D681F4591B9793FF00235925 /* Frameworks */,
				D681F45A1B9793FF00235925 /* Resources */,
			);
			buildRules = (
			);
			dependencies = (
				D681F45E1B9793FF00235925 /* PBXTargetDependency */,
			);
			name = TwtviewrTests;
			productName = TwtviewrTests;
			productReference = D681F45C1B9793FF00235925 /* TwtviewrTests.xctest */;
			productType = "com.apple.product-type.bundle.unit-test";
		};
/* End PBXNativeTarget section */

/* Begin PBXProject section */
		D681F4381B9793FF00235925 /* Project object */ = {
			isa = PBXProject;
			attributes = {
				LastUpgradeCheck = 0640;
				ORGANIZATIONNAME = ezkeemo;
				TargetAttributes = {
					D681F43F1B9793FF00235925 = {
						CreatedOnToolsVersion = 6.4;
					};
					D681F45B1B9793FF00235925 = {
						CreatedOnToolsVersion = 6.4;
						TestTargetID = D681F43F1B9793FF00235925;
					};
				};
			};
			buildConfigurationList = D681F43B1B9793FF00235925 /* Build configuration list for PBXProject "Twtviewr" */;
			compatibilityVersion = "Xcode 3.2";
			developmentRegion = English;
			hasScannedForEncodings = 0;
			knownRegions = (
				en,
				Base,
			);
			mainGroup = D681F4371B9793FF00235925;
			productRefGroup = D681F4411B9793FF00235925 /* Products */;
			projectDirPath = "";
			projectRoot = "";
			targets = (
				D681F43F1B9793FF00235925 /* Twtviewr */,
				D681F45B1B9793FF00235925 /* TwtviewrTests */,
			);
		};
/* End PBXProject section */

/* Begin PBXResourcesBuildPhase section */
		D681F43E1B9793FF00235925 /* Resources */ = {
			isa = PBXResourcesBuildPhase;
			buildActionMask = 2147483647;
			files = (
				D681F4521B9793FF00235925 /* Main.storyboard in Resources */,
				D681F4571B9793FF00235925 /* LaunchScreen.xib in Resources */,
				D681F4541B9793FF00235925 /* Images.xcassets in Resources */,
			);
			runOnlyForDeploymentPostprocessing = 0;
		};
		D681F45A1B9793FF00235925 /* Resources */ = {
			isa = PBXResourcesBuildPhase;
			buildActionMask = 2147483647;
			files = (
			);
			runOnlyForDeploymentPostprocessing = 0;
		};
/* End PBXResourcesBuildPhase section */

/* Begin PBXSourcesBuildPhase section */
		D681F43C1B9793FF00235925 /* Sources */ = {
			isa = PBXSourcesBuildPhase;
			buildActionMask = 2147483647;
			files = (
				D681F4711B97A11B00235925 /* LoginViewController.m in Sources */,
				D681F44C1B9793FF00235925 /* Twtviewr.xcdatamodeld in Sources */,
				D681F4491B9793FF00235925 /* AppDelegate.m in Sources */,
				D681F4771B97A4E100235925 /* DetailsViewController.m in Sources */,
				D681F47D1B97ACB300235925 /* ApiManager.m in Sources */,
				D681F4741B97A31800235925 /* MainViewController.m in Sources */,
				D681F47A1B97A50600235925 /* NewTweetViewController.m in Sources */,
				D681F4461B9793FF00235925 /* main.m in Sources */,
			);
			runOnlyForDeploymentPostprocessing = 0;
		};
		D681F4581B9793FF00235925 /* Sources */ = {
			isa = PBXSourcesBuildPhase;
			buildActionMask = 2147483647;
			files = (
				D681F4631B9793FF00235925 /* TwtviewrTests.m in Sources */,
			);
			runOnlyForDeploymentPostprocessing = 0;
		};
/* End PBXSourcesBuildPhase section */

/* Begin PBXTargetDependency section */
		D681F45E1B9793FF00235925 /* PBXTargetDependency */ = {
			isa = PBXTargetDependency;
			target = D681F43F1B9793FF00235925 /* Twtviewr */;
			targetProxy = D681F45D1B9793FF00235925 /* PBXContainerItemProxy */;
		};
/* End PBXTargetDependency section */

/* Begin PBXVariantGroup section */
		D681F4501B9793FF00235925 /* Main.storyboard */ = {
			isa = PBXVariantGroup;
			children = (
				D681F4511B9793FF00235925 /* Base */,
			);
			name = Main.storyboard;
			sourceTree = "<group>";
		};
		D681F4551B9793FF00235925 /* LaunchScreen.xib */ = {
			isa = PBXVariantGroup;
			children = (
				D681F4561B9793FF00235925 /* Base */,
			);
			name = LaunchScreen.xib;
			sourceTree = "<group>";
		};
/* End PBXVariantGroup section */

/* Begin XCBuildConfiguration section */
		D681F4641B9793FF00235925 /* Debug */ = {
			isa = XCBuildConfiguration;
			buildSettings = {
				ALWAYS_SEARCH_USER_PATHS = NO;
				CLANG_CXX_LANGUAGE_STANDARD = "gnu++0x";
				CLANG_CXX_LIBRARY = "libc++";
				CLANG_ENABLE_MODULES = YES;
				CLANG_ENABLE_OBJC_ARC = YES;
				CLANG_WARN_BOOL_CONVERSION = YES;
				CLANG_WARN_CONSTANT_CONVERSION = YES;
				CLANG_WARN_DIRECT_OBJC_ISA_USAGE = YES_ERROR;
				CLANG_WARN_EMPTY_BODY = YES;
				CLANG_WARN_ENUM_CONVERSION = YES;
				CLANG_WARN_INT_CONVERSION = YES;
				CLANG_WARN_OBJC_ROOT_CLASS = YES_ERROR;
				CLANG_WARN_UNREACHABLE_CODE = YES;
				CLANG_WARN__DUPLICATE_METHOD_MATCH = YES;
				"CODE_SIGN_IDENTITY[sdk=iphoneos*]" = "iPhone Developer";
				COPY_PHASE_STRIP = NO;
				DEBUG_INFORMATION_FORMAT = "dwarf-with-dsym";
				ENABLE_STRICT_OBJC_MSGSEND = YES;
				GCC_C_LANGUAGE_STANDARD = gnu99;
				GCC_DYNAMIC_NO_PIC = NO;
				GCC_NO_COMMON_BLOCKS = YES;
				GCC_OPTIMIZATION_LEVEL = 0;
				GCC_PREPROCESSOR_DEFINITIONS = (
					"DEBUG=1",
					"$(inherited)",
				);
				GCC_SYMBOLS_PRIVATE_EXTERN = NO;
				GCC_WARN_64_TO_32_BIT_CONVERSION = YES;
				GCC_WARN_ABOUT_RETURN_TYPE = YES_ERROR;
				GCC_WARN_UNDECLARED_SELECTOR = YES;
				GCC_WARN_UNINITIALIZED_AUTOS = YES_AGGRESSIVE;
				GCC_WARN_UNUSED_FUNCTION = YES;
				GCC_WARN_UNUSED_VARIABLE = YES;
				IPHONEOS_DEPLOYMENT_TARGET = 8.4;
				MTL_ENABLE_DEBUG_INFO = YES;
				ONLY_ACTIVE_ARCH = YES;
				SDKROOT = iphoneos;
			};
			name = Debug;
		};
		D681F4651B9793FF00235925 /* Release */ = {
			isa = XCBuildConfiguration;
			buildSettings = {
				ALWAYS_SEARCH_USER_PATHS = NO;
				CLANG_CXX_LANGUAGE_STANDARD = "gnu++0x";
				CLANG_CXX_LIBRARY = "libc++";
				CLANG_ENABLE_MODULES = YES;
				CLANG_ENABLE_OBJC_ARC = YES;
				CLANG_WARN_BOOL_CONVERSION = YES;
				CLANG_WARN_CONSTANT_CONVERSION = YES;
				CLANG_WARN_DIRECT_OBJC_ISA_USAGE = YES_ERROR;
				CLANG_WARN_EMPTY_BODY = YES;
				CLANG_WARN_ENUM_CONVERSION = YES;
				CLANG_WARN_INT_CONVERSION = YES;
				CLANG_WARN_OBJC_ROOT_CLASS = YES_ERROR;
				CLANG_WARN_UNREACHABLE_CODE = YES;
				CLANG_WARN__DUPLICATE_METHOD_MATCH = YES;
				"CODE_SIGN_IDENTITY[sdk=iphoneos*]" = "iPhone Developer";
				COPY_PHASE_STRIP = NO;
				DEBUG_INFORMATION_FORMAT = "dwarf-with-dsym";
				ENABLE_NS_ASSERTIONS = NO;
				ENABLE_STRICT_OBJC_MSGSEND = YES;
				GCC_C_LANGUAGE_STANDARD = gnu99;
				GCC_NO_COMMON_BLOCKS = YES;
				GCC_WARN_64_TO_32_BIT_CONVERSION = YES;
				GCC_WARN_ABOUT_RETURN_TYPE = YES_ERROR;
				GCC_WARN_UNDECLARED_SELECTOR = YES;
				GCC_WARN_UNINITIALIZED_AUTOS = YES_AGGRESSIVE;
				GCC_WARN_UNUSED_FUNCTION = YES;
				GCC_WARN_UNUSED_VARIABLE = YES;
				IPHONEOS_DEPLOYMENT_TARGET = 8.4;
				MTL_ENABLE_DEBUG_INFO = NO;
				SDKROOT = iphoneos;
				VALIDATE_PRODUCT = YES;
			};
			name = Release;
		};
		D681F4671B9793FF00235925 /* Debug */ = {
			isa = XCBuildConfiguration;
			buildSettings = {
				ASSETCATALOG_COMPILER_APPICON_NAME = AppIcon;
				INFOPLIST_FILE = Twtviewr/Info.plist;
				IPHONEOS_DEPLOYMENT_TARGET = 7.0;
				LD_RUNPATH_SEARCH_PATHS = "$(inherited) @executable_path/Frameworks";
				PRODUCT_NAME = "$(TARGET_NAME)";
			};
			name = Debug;
		};
		D681F4681B9793FF00235925 /* Release */ = {
			isa = XCBuildConfiguration;
			buildSettings = {
				ASSETCATALOG_COMPILER_APPICON_NAME = AppIcon;
				INFOPLIST_FILE = Twtviewr/Info.plist;
				IPHONEOS_DEPLOYMENT_TARGET = 7.0;
				LD_RUNPATH_SEARCH_PATHS = "$(inherited) @executable_path/Frameworks";
				PRODUCT_NAME = "$(TARGET_NAME)";
			};
			name = Release;
		};
		D681F46A1B9793FF00235925 /* Debug */ = {
			isa = XCBuildConfiguration;
			buildSettings = {
				BUNDLE_LOADER = "$(TEST_HOST)";
				FRAMEWORK_SEARCH_PATHS = (
					"$(SDKROOT)/Developer/Library/Frameworks",
					"$(inherited)",
				);
				GCC_PREPROCESSOR_DEFINITIONS = (
					"DEBUG=1",
					"$(inherited)",
				);
				INFOPLIST_FILE = TwtviewrTests/Info.plist;
				LD_RUNPATH_SEARCH_PATHS = "$(inherited) @executable_path/Frameworks @loader_path/Frameworks";
				PRODUCT_NAME = "$(TARGET_NAME)";
				TEST_HOST = "$(BUILT_PRODUCTS_DIR)/Twtviewr.app/Twtviewr";
			};
			name = Debug;
		};
		D681F46B1B9793FF00235925 /* Release */ = {
			isa = XCBuildConfiguration;
			buildSettings = {
				BUNDLE_LOADER = "$(TEST_HOST)";
				FRAMEWORK_SEARCH_PATHS = (
					"$(SDKROOT)/Developer/Library/Frameworks",
					"$(inherited)",
				);
				INFOPLIST_FILE = TwtviewrTests/Info.plist;
				LD_RUNPATH_SEARCH_PATHS = "$(inherited) @executable_path/Frameworks @loader_path/Frameworks";
				PRODUCT_NAME = "$(TARGET_NAME)";
				TEST_HOST = "$(BUILT_PRODUCTS_DIR)/Twtviewr.app/Twtviewr";
			};
			name = Release;
		};
/* End XCBuildConfiguration section */

/* Begin XCConfigurationList section */
		D681F43B1B9793FF00235925 /* Build configuration list for PBXProject "Twtviewr" */ = {
			isa = XCConfigurationList;
			buildConfigurations = (
				D681F4641B9793FF00235925 /* Debug */,
				D681F4651B9793FF00235925 /* Release */,
			);
			defaultConfigurationIsVisible = 0;
			defaultConfigurationName = Release;
		};
		D681F4661B9793FF00235925 /* Build configuration list for PBXNativeTarget "Twtviewr" */ = {
			isa = XCConfigurationList;
			buildConfigurations = (
				D681F4671B9793FF00235925 /* Debug */,
				D681F4681B9793FF00235925 /* Release */,
			);
			defaultConfigurationIsVisible = 0;
			defaultConfigurationName = Release;
		};
		D681F4691B9793FF00235925 /* Build configuration list for PBXNativeTarget "TwtviewrTests" */ = {
			isa = XCConfigurationList;
			buildConfigurations = (
				D681F46A1B9793FF00235925 /* Debug */,
				D681F46B1B9793FF00235925 /* Release */,
			);
			defaultConfigurationIsVisible = 0;
			defaultConfigurationName = Release;
		};
/* End XCConfigurationList section */

/* Begin XCVersionGroup section */
		D681F44A1B9793FF00235925 /* Twtviewr.xcdatamodeld */ = {
			isa = XCVersionGroup;
			children = (
				D681F44B1B9793FF00235925 /* Twtviewr.xcdatamodel */,
			);
			currentVersion = D681F44B1B9793FF00235925 /* Twtviewr.xcdatamodel */;
			path = Twtviewr.xcdatamodeld;
			sourceTree = "<group>";
			versionGroupType = wrapper.xcdatamodel;
		};
/* End XCVersionGroup section */
	};
	rootObject = D681F4381B9793FF00235925 /* Project object */;
}
